# This file is autogenerated, do not edit; changes may be undone by the next 'dep ensure'.


[[projects]]
  branch = "master"
  name = "github.com/google/skylark"
  packages = [".","resolve","syntax"]
  revision = "cd5b9eb035ea43240e3cabd28e87afab5dee5000"

[solve-meta]
  analyzer-name = "dep"
  analyzer-version = 1
  inputs-digest = "de3c898a2f292e1ba311e1ade22f8cad2f0ae267ba68b3b60eb06e50682454b1"
  solver-name = "gps-cdcl"
  solver-version = 1
