# This file is autogenerated, do not edit; changes may be undone by the next 'dep ensure'.


[[projects]]
  name = "github.com/chzyer/readline"
  packages = ["."]
  revision = "62c6fe6193755f722b8b8788aa7357be55a50ff1"
  version = "v1.4"

[[projects]]
  branch = "master"
  name = "github.com/google/skylark"
  packages = [".","resolve","syntax"]
  revision = "cd5b9eb035ea43240e3cabd28e87afab5dee5000"

[solve-meta]
  analyzer-name = "dep"
  analyzer-version = 1
  inputs-digest = "3078725da3e77d820d711d5994b6a30e17c51341e36255cf72d1dd6d399091ca"
  solver-name = "gps-cdcl"
  solver-version = 1
